
Microsoft Visual Studio Solution File, Format Version 12.00
# Visual Studio 15
VisualStudioVersion = 15.0.27428.2005
MinimumVisualStudioVersion = 10.0.40219.1
Project("{FAE04EC0-301F-11D3-BF4B-00C04F79EFBC}") = "SDRSharper", "SDRSharper\SDRSharper.csproj", "{2410E537-F98E-41A6-BD14-CDD209550D37}"
	ProjectSection(ProjectDependencies) = postProject
		{6D7BB10F-7F11-4661-A425-B55EAB00AB1B} = {6D7BB10F-7F11-4661-A425-B55EAB00AB1B}
		{1AEB0726-F178-4E46-8060-6D03136C031E} = {1AEB0726-F178-4E46-8060-6D03136C031E}
		{A9303279-7855-4867-AA5D-91BC5DD98346} = {A9303279-7855-4867-AA5D-91BC5DD98346}
		{E732C8AC-E488-4A56-BCEB-DA66374422AA} = {E732C8AC-E488-4A56-BCEB-DA66374422AA}
		{DA8F0AD0-73BE-4FA0-B8AE-315BE25DF373} = {DA8F0AD0-73BE-4FA0-B8AE-315BE25DF373}
	EndProjectSection
EndProject
Project("{FAE04EC0-301F-11D3-BF4B-00C04F79EFBC}") = "SDRSharp.Radio", "SDRSharper.Radio\SDRSharp.Radio.csproj", "{E732C8AC-E488-4A56-BCEB-DA66374422AA}"
EndProject
Project("{FAE04EC0-301F-11D3-BF4B-00C04F79EFBC}") = "SDRSharp.CollapsiblePanel", "SDRSharper.CollapsiblePanel\SDRSharp.CollapsiblePanel.csproj", "{6D7BB10F-7F11-4661-A425-B55EAB00AB1B}"
	ProjectSection(ProjectDependencies) = postProject
		{1AEB0726-F178-4E46-8060-6D03136C031E} = {1AEB0726-F178-4E46-8060-6D03136C031E}
	EndProjectSection
EndProject
Project("{FAE04EC0-301F-11D3-BF4B-00C04F79EFBC}") = "SDRSharp.Common", "SDRSharper.Common\SDRSharp.Common.csproj", "{A9303279-7855-4867-AA5D-91BC5DD98346}"
	ProjectSection(ProjectDependencies) = postProject
		{E732C8AC-E488-4A56-BCEB-DA66374422AA} = {E732C8AC-E488-4A56-BCEB-DA66374422AA}
	EndProjectSection
EndProject
Project("{FAE04EC0-301F-11D3-BF4B-00C04F79EFBC}") = "SDRSharp.Controls", "SDRSharper.Controls\SDRSharp.Controls.csproj", "{1AEB0726-F178-4E46-8060-6D03136C031E}"
EndProject
Project("{FAE04EC0-301F-11D3-BF4B-00C04F79EFBC}") = "SDRSharp.PanView", "SDRSharper.PanView\SDRSharp.PanView.csproj", "{DA8F0AD0-73BE-4FA0-B8AE-315BE25DF373}"
	ProjectSection(ProjectDependencies) = postProject
		{E732C8AC-E488-4A56-BCEB-DA66374422AA} = {E732C8AC-E488-4A56-BCEB-DA66374422AA}
	EndProjectSection
EndProject
Global
	GlobalSection(SolutionConfigurationPlatforms) = preSolution
		Debug|Any CPU = Debug|Any CPU
		Debug|x64 = Debug|x64
		Debug|x86 = Debug|x86
		Release|Any CPU = Release|Any CPU
		Release|x64 = Release|x64
		Release|x86 = Release|x86
	EndGlobalSection
	GlobalSection(ProjectConfigurationPlatforms) = postSolution
		{2410E537-F98E-41A6-BD14-CDD209550D37}.Debug|Any CPU.ActiveCfg = Debug|x64
		{2410E537-F98E-41A6-BD14-CDD209550D37}.Debug|Any CPU.Build.0 = Debug|x64
		{2410E537-F98E-41A6-BD14-CDD209550D37}.Debug|x64.ActiveCfg = Debug|x64
		{2410E537-F98E-41A6-BD14-CDD209550D37}.Debug|x64.Build.0 = Debug|x64
		{2410E537-F98E-41A6-BD14-CDD209550D37}.Debug|x86.ActiveCfg = Debug|x64
		{2410E537-F98E-41A6-BD14-CDD209550D37}.Debug|x86.Build.0 = Debug|x64
		{2410E537-F98E-41A6-BD14-CDD209550D37}.Release|Any CPU.ActiveCfg = Release|x86
		{2410E537-F98E-41A6-BD14-CDD209550D37}.Release|Any CPU.Build.0 = Release|x86
		{2410E537-F98E-41A6-BD14-CDD209550D37}.Release|x64.ActiveCfg = Release|x64
		{2410E537-F98E-41A6-BD14-CDD209550D37}.Release|x64.Build.0 = Release|x64
		{2410E537-F98E-41A6-BD14-CDD209550D37}.Release|x86.ActiveCfg = Release|x64
		{2410E537-F98E-41A6-BD14-CDD209550D37}.Release|x86.Build.0 = Release|x64
		{E732C8AC-E488-4A56-BCEB-DA66374422AA}.Debug|Any CPU.ActiveCfg = Debug|x64
		{E732C8AC-E488-4A56-BCEB-DA66374422AA}.Debug|Any CPU.Build.0 = Debug|x64
		{E732C8AC-E488-4A56-BCEB-DA66374422AA}.Debug|x64.ActiveCfg = Debug|x86
		{E732C8AC-E488-4A56-BCEB-DA66374422AA}.Debug|x64.Build.0 = Debug|x86
		{E732C8AC-E488-4A56-BCEB-DA66374422AA}.Debug|x86.ActiveCfg = Debug|x64
		{E732C8AC-E488-4A56-BCEB-DA66374422AA}.Debug|x86.Build.0 = Debug|x64
		{E732C8AC-E488-4A56-BCEB-DA66374422AA}.Release|Any CPU.ActiveCfg = Release|Any CPU
		{E732C8AC-E488-4A56-BCEB-DA66374422AA}.Release|Any CPU.Build.0 = Release|Any CPU
		{E732C8AC-E488-4A56-BCEB-DA66374422AA}.Release|x64.ActiveCfg = Release|x86
		{E732C8AC-E488-4A56-BCEB-DA66374422AA}.Release|x64.Build.0 = Release|x86
		{E732C8AC-E488-4A56-BCEB-DA66374422AA}.Release|x86.ActiveCfg = Release|x64
		{E732C8AC-E488-4A56-BCEB-DA66374422AA}.Release|x86.Build.0 = Release|x64
		{6D7BB10F-7F11-4661-A425-B55EAB00AB1B}.Debug|Any CPU.ActiveCfg = Debug|Any CPU
		{6D7BB10F-7F11-4661-A425-B55EAB00AB1B}.Debug|Any CPU.Build.0 = Debug|Any CPU
		{6D7BB10F-7F11-4661-A425-B55EAB00AB1B}.Debug|x64.ActiveCfg = Debug|x86
		{6D7BB10F-7F11-4661-A425-B55EAB00AB1B}.Debug|x64.Build.0 = Debug|x86
		{6D7BB10F-7F11-4661-A425-B55EAB00AB1B}.Debug|x86.ActiveCfg = Debug|x86
		{6D7BB10F-7F11-4661-A425-B55EAB00AB1B}.Debug|x86.Build.0 = Debug|x86
		{6D7BB10F-7F11-4661-A425-B55EAB00AB1B}.Release|Any CPU.ActiveCfg = Release|x86
		{6D7BB10F-7F11-4661-A425-B55EAB00AB1B}.Release|Any CPU.Build.0 = Release|x86
		{6D7BB10F-7F11-4661-A425-B55EAB00AB1B}.Release|x64.ActiveCfg = Release|x86
		{6D7BB10F-7F11-4661-A425-B55EAB00AB1B}.Release|x64.Build.0 = Release|x86
		{6D7BB10F-7F11-4661-A425-B55EAB00AB1B}.Release|x86.ActiveCfg = Release|Any CPU
		{6D7BB10F-7F11-4661-A425-B55EAB00AB1B}.Release|x86.Build.0 = Release|Any CPU
		{A9303279-7855-4867-AA5D-91BC5DD98346}.Debug|Any CPU.ActiveCfg = Debug|x64
		{A9303279-7855-4867-AA5D-91BC5DD98346}.Debug|Any CPU.Build.0 = Debug|x64
		{A9303279-7855-4867-AA5D-91BC5DD98346}.Debug|x64.ActiveCfg = Debug|x86
		{A9303279-7855-4867-AA5D-91BC5DD98346}.Debug|x64.Build.0 = Debug|x86
		{A9303279-7855-4867-AA5D-91BC5DD98346}.Debug|x86.ActiveCfg = Debug|Any CPU
		{A9303279-7855-4867-AA5D-91BC5DD98346}.Debug|x86.Build.0 = Debug|Any CPU
		{A9303279-7855-4867-AA5D-91BC5DD98346}.Release|Any CPU.ActiveCfg = Release|x86
		{A9303279-7855-4867-AA5D-91BC5DD98346}.Release|Any CPU.Build.0 = Release|x86
		{A9303279-7855-4867-AA5D-91BC5DD98346}.Release|x64.ActiveCfg = Release|x86
		{A9303279-7855-4867-AA5D-91BC5DD98346}.Release|x64.Build.0 = Release|x86
		{A9303279-7855-4867-AA5D-91BC5DD98346}.Release|x86.ActiveCfg = Release|Any CPU
		{A9303279-7855-4867-AA5D-91BC5DD98346}.Release|x86.Build.0 = Release|Any CPU
		{1AEB0726-F178-4E46-8060-6D03136C031E}.Debug|Any CPU.ActiveCfg = Debug|Any CPU
		{1AEB0726-F178-4E46-8060-6D03136C031E}.Debug|Any CPU.Build.0 = Debug|Any CPU
		{1AEB0726-F178-4E46-8060-6D03136C031E}.Debug|x64.ActiveCfg = Debug|Any CPU
		{1AEB0726-F178-4E46-8060-6D03136C031E}.Debug|x64.Build.0 = Debug|Any CPU
		{1AEB0726-F178-4E46-8060-6D03136C031E}.Debug|x86.ActiveCfg = Debug|x86
		{1AEB0726-F178-4E46-8060-6D03136C031E}.Debug|x86.Build.0 = Debug|x86
		{1AEB0726-F178-4E46-8060-6D03136C031E}.Release|Any CPU.ActiveCfg = Release|Any CPU
		{1AEB0726-F178-4E46-8060-6D03136C031E}.Release|Any CPU.Build.0 = Release|Any CPU
		{1AEB0726-F178-4E46-8060-6D03136C031E}.Release|x64.ActiveCfg = Release|x86
		{1AEB0726-F178-4E46-8060-6D03136C031E}.Release|x64.Build.0 = Release|x86
		{1AEB0726-F178-4E46-8060-6D03136C031E}.Release|x86.ActiveCfg = Release|Any CPU
		{1AEB0726-F178-4E46-8060-6D03136C031E}.Release|x86.Build.0 = Release|Any CPU
		{DA8F0AD0-73BE-4FA0-B8AE-315BE25DF373}.Debug|Any CPU.ActiveCfg = Debug|Any CPU
		{DA8F0AD0-73BE-4FA0-B8AE-315BE25DF373}.Debug|Any CPU.Build.0 = Debug|Any CPU
		{DA8F0AD0-73BE-4FA0-B8AE-315BE25DF373}.Debug|x64.ActiveCfg = Debug|Any CPU
		{DA8F0AD0-73BE-4FA0-B8AE-315BE25DF373}.Debug|x64.Build.0 = Debug|Any CPU
		{DA8F0AD0-73BE-4FA0-B8AE-315BE25DF373}.Debug|x86.ActiveCfg = Debug|x86
		{DA8F0AD0-73BE-4FA0-B8AE-315BE25DF373}.Debug|x86.Build.0 = Debug|x86
		{DA8F0AD0-73BE-4FA0-B8AE-315BE25DF373}.Release|Any CPU.ActiveCfg = Release|Any CPU
		{DA8F0AD0-73BE-4FA0-B8AE-315BE25DF373}.Release|Any CPU.Build.0 = Release|Any CPU
		{DA8F0AD0-73BE-4FA0-B8AE-315BE25DF373}.Release|x64.ActiveCfg = Release|x86
		{DA8F0AD0-73BE-4FA0-B8AE-315BE25DF373}.Release|x64.Build.0 = Release|x86
		{DA8F0AD0-73BE-4FA0-B8AE-315BE25DF373}.Release|x86.ActiveCfg = Release|Any CPU
		{DA8F0AD0-73BE-4FA0-B8AE-315BE25DF373}.Release|x86.Build.0 = Release|Any CPU
	EndGlobalSection
	GlobalSection(SolutionProperties) = preSolution
		HideSolutionNode = FALSE
	EndGlobalSection
	GlobalSection(ExtensibilityGlobals) = postSolution
		SolutionGuid = {FBDEF464-0574-4888-8858-903F55689593}
	EndGlobalSection
EndGlobal
